{
  "name": "bs-backend",
  "lockfileVersion": 3,
  "requires": true,
  "packages": {
    "": {
      "name": "bs-backend",
      "dependencies": {
        "@hono/node-server": "^1.12.1",
        "@prisma/client": "^5.18.0",
        "hono": "^4.5.6",
        "nodemailer": "^6.9.14",
        "otpauth": "^9.3.2",
        "prisma": "^5.18.0"
      },
      "devDependencies": {
        "@types/bun": "latest",
        "@types/nodemailer": "^6.4.15",
        "@types/otp-generator": "^4.0.2",
        "@types/sparkpost": "^2.1.8"
      },
      "engines": {
        "node": ">=20.0.0"
      }
    },
    "node_modules/@hono/node-server": {
      "version": "1.12.2",
      "resolved": "https://registry.npmjs.org/@hono/node-server/-/node-server-1.12.2.tgz",
      "integrity": "sha512-xjzhqhSWUE/OhN0g3KCNVzNsQMlFUAL+/8GgPUr3TKcU7cvgZVBGswFofJ8WwGEHTqobzze1lDpGJl9ZNckDhA==",
      "license": "MIT",
      "engines": {
        "node": ">=18.14.1"
      },
      "peerDependencies": {
        "hono": "^4"
      }
    },
    "node_modules/@noble/hashes": {
      "version": "1.4.0",
      "resolved": "https://registry.npmjs.org/@noble/hashes/-/hashes-1.4.0.tgz",
      "integrity": "sha512-V1JJ1WTRUqHHrOSh597hURcMqVKVGL/ea3kv0gSnEdsEZ0/+VyPghM1lMNGc00z7CIQorSvbKpuJkxvuHbvdbg==",
      "license": "MIT",
      "engines": {
        "node": ">= 16"
      },
      "funding": {
        "url": "https://paulmillr.com/funding/"
      }
    },
    "node_modules/@prisma/client": {
      "version": "5.18.0",
      "hasInstallScript": true,
      "license": "Apache-2.0",
      "engines": {
        "node": ">=16.13"
      },
      "peerDependencies": {
        "prisma": "*"
      },
      "peerDependenciesMeta": {
        "prisma": {
          "optional": true
        }
      }
    },
    "node_modules/@prisma/debug": {
      "version": "5.18.0",
      "license": "Apache-2.0"
    },
    "node_modules/@prisma/engines": {
      "version": "5.18.0",
      "hasInstallScript": true,
      "license": "Apache-2.0",
      "dependencies": {
        "@prisma/debug": "5.18.0",
        "@prisma/engines-version": "5.18.0-25.4c784e32044a8a016d99474bd02a3b6123742169",
        "@prisma/fetch-engine": "5.18.0",
        "@prisma/get-platform": "5.18.0"
      }
    },
    "node_modules/@prisma/engines-version": {
      "version": "5.18.0-25.4c784e32044a8a016d99474bd02a3b6123742169",
      "license": "Apache-2.0"
    },
    "node_modules/@prisma/fetch-engine": {
      "version": "5.18.0",
      "license": "Apache-2.0",
      "dependencies": {
        "@prisma/debug": "5.18.0",
        "@prisma/engines-version": "5.18.0-25.4c784e32044a8a016d99474bd02a3b6123742169",
        "@prisma/get-platform": "5.18.0"
      }
    },
    "node_modules/@prisma/get-platform": {
      "version": "5.18.0",
      "license": "Apache-2.0",
      "dependencies": {
        "@prisma/debug": "5.18.0"
      }
    },
    "node_modules/@types/bun": {
      "version": "1.1.6",
      "resolved": "https://registry.npmjs.org/@types/bun/-/bun-1.1.6.tgz",
      "integrity": "sha512-uJgKjTdX0GkWEHZzQzFsJkWp5+43ZS7HC8sZPFnOwnSo1AsNl2q9o2bFeS23disNDqbggEgyFkKCHl/w8iZsMA==",
      "dev": true,
      "license": "MIT",
      "dependencies": {
        "bun-types": "1.1.17"
      }
    },
    "node_modules/@types/caseless": {
      "version": "0.12.5",
      "resolved": "https://registry.npmjs.org/@types/caseless/-/caseless-0.12.5.tgz",
      "integrity": "sha512-hWtVTC2q7hc7xZ/RLbxapMvDMgUnDvKvMOpKal4DrMyfGBUfB1oKaZlIRr6mJL+If3bAP6sV/QneGzF6tJjZDg==",
      "dev": true,
      "license": "MIT"
    },
    "node_modules/@types/node": {
      "version": "20.12.14",
      "dev": true,
      "license": "MIT",
      "dependencies": {
        "undici-types": "~5.26.4"
      }
    },
    "node_modules/@types/nodemailer": {
      "version": "6.4.15",
      "resolved": "https://registry.npmjs.org/@types/nodemailer/-/nodemailer-6.4.15.tgz",
      "integrity": "sha512-0EBJxawVNjPkng1zm2vopRctuWVCxk34JcIlRuXSf54habUWdz1FB7wHDqOqvDa8Mtpt0Q3LTXQkAs2LNyK5jQ==",
      "dev": true,
      "license": "MIT",
      "dependencies": {
        "@types/node": "*"
      }
    },
    "node_modules/@types/otp-generator": {
      "version": "4.0.2",
      "resolved": "https://registry.npmjs.org/@types/otp-generator/-/otp-generator-4.0.2.tgz",
      "integrity": "sha512-9+qqWzuFb332hXPbLgjUyOXlbcaTQkmkmqQjTduvNuOmPV5fW+iLv70JsVEhdUy0DWi4kY34++HDCaWl6N0AYg==",
      "dev": true,
      "license": "MIT"
    },
    "node_modules/@types/request": {
      "version": "2.48.12",
      "resolved": "https://registry.npmjs.org/@types/request/-/request-2.48.12.tgz",
      "integrity": "sha512-G3sY+NpsA9jnwm0ixhAFQSJ3Q9JkpLZpJbI3GMv0mIAT0y3mRabYeINzal5WOChIiaTEGQYlHOKgkaM9EisWHw==",
      "dev": true,
      "license": "MIT",
      "dependencies": {
        "@types/caseless": "*",
        "@types/node": "*",
        "@types/tough-cookie": "*",
        "form-data": "^2.5.0"
      }
    },
    "node_modules/@types/sparkpost": {
      "version": "2.1.8",
      "resolved": "https://registry.npmjs.org/@types/sparkpost/-/sparkpost-2.1.8.tgz",
      "integrity": "sha512-wDdN20yyGn2sAcEYkuFT3PTfLEpNNdCnai6QOJRegV+Saoy5HZi1DZM2ExJaS9gKetNrzgNsbk+/C4aPRieHEQ==",
      "dev": true,
      "license": "MIT",
      "dependencies": {
        "@types/node": "*",
        "@types/request": "*"
      }
    },
    "node_modules/@types/tough-cookie": {
      "version": "4.0.5",
      "resolved": "https://registry.npmjs.org/@types/tough-cookie/-/tough-cookie-4.0.5.tgz",
      "integrity": "sha512-/Ad8+nIOV7Rl++6f1BdKxFSMgmoqEoYbHRpPcx3JEfv8VRsQe9Z4mCXeJBzxs7mbHY/XOZZuXlRNfhpVPbs6ZA==",
      "dev": true,
      "license": "MIT"
    },
    "node_modules/@types/ws": {
      "version": "8.5.12",
      "dev": true,
      "license": "MIT",
      "dependencies": {
        "@types/node": "*"
      }
    },
    "node_modules/asynckit": {
      "version": "0.4.0",
      "resolved": "https://registry.npmjs.org/asynckit/-/asynckit-0.4.0.tgz",
      "integrity": "sha512-Oei9OH4tRh0YqU3GxhX79dM/mwVgvbZJaSNaRk+bshkj0S5cfHcgYakreBjrHwatXKbz+IoIdYLxrKim2MjW0Q==",
      "dev": true,
      "license": "MIT"
    },
    "node_modules/bun-types": {
      "version": "1.1.17",
      "dev": true,
      "license": "MIT",
      "dependencies": {
        "@types/node": "~20.12.8",
        "@types/ws": "~8.5.10"
      }
    },
    "node_modules/combined-stream": {
      "version": "1.0.8",
      "resolved": "https://registry.npmjs.org/combined-stream/-/combined-stream-1.0.8.tgz",
      "integrity": "sha512-FQN4MRfuJeHf7cBbBMJFXhKSDq+2kAArBlmRBvcvFE5BB1HZKXtSFASDhdlz9zOYwxh8lDdnvmMOe/+5cdoEdg==",
      "dev": true,
      "license": "MIT",
      "dependencies": {
        "delayed-stream": "~1.0.0"
      },
      "engines": {
        "node": ">= 0.8"
      }
    },
    "node_modules/delayed-stream": {
      "version": "1.0.0",
      "resolved": "https://registry.npmjs.org/delayed-stream/-/delayed-stream-1.0.0.tgz",
      "integrity": "sha512-ZySD7Nf91aLB0RxL4KGrKHBXl7Eds1DAmEdcoVawXnLD7SDhpNgtuII2aAkg7a7QS41jxPSZ17p4VdGnMHk3MQ==",
      "dev": true,
      "license": "MIT",
      "engines": {
        "node": ">=0.4.0"
      }
    },
    "node_modules/form-data": {
      "version": "2.5.1",
      "resolved": "https://registry.npmjs.org/form-data/-/form-data-2.5.1.tgz",
      "integrity": "sha512-m21N3WOmEEURgk6B9GLOE4RuWOFf28Lhh9qGYeNlGq4VDXUlJy2th2slBNU8Gp8EzloYZOibZJ7t5ecIrFSjVA==",
      "dev": true,
      "license": "MIT",
      "dependencies": {
        "asynckit": "^0.4.0",
        "combined-stream": "^1.0.6",
        "mime-types": "^2.1.12"
      },
      "engines": {
        "node": ">= 0.12"
      }
    },
    "node_modules/hono": {
      "version": "4.5.6",
      "license": "MIT",
      "engines": {
        "node": ">=16.0.0"
      }
    },
    "node_modules/mime-db": {
      "version": "1.52.0",
      "resolved": "https://registry.npmjs.org/mime-db/-/mime-db-1.52.0.tgz",
      "integrity": "sha512-sPU4uV7dYlvtWJxwwxHD0PuihVNiE7TyAbQ5SWxDCB9mUYvOgroQOwYQQOKPJ8CIbE+1ETVlOoK1UC2nU3gYvg==",
      "dev": true,
      "license": "MIT",
      "engines": {
        "node": ">= 0.6"
      }
    },
    "node_modules/mime-types": {
      "version": "2.1.35",
      "resolved": "https://registry.npmjs.org/mime-types/-/mime-types-2.1.35.tgz",
      "integrity": "sha512-ZDY+bPm5zTTF+YpCrAU9nK0UgICYPT0QtT1NZWFv4s++TNkcgVaT0g6+4R2uI4MjQjzysHB1zxuWL50hzaeXiw==",
      "dev": true,
      "license": "MIT",
      "dependencies": {
        "mime-db": "1.52.0"
      },
      "engines": {
        "node": ">= 0.6"
      }
    },
    "node_modules/nodemailer": {
      "version": "6.9.14",
      "resolved": "https://registry.npmjs.org/nodemailer/-/nodemailer-6.9.14.tgz",
      "integrity": "sha512-Dobp/ebDKBvz91sbtRKhcznLThrKxKt97GI2FAlAyy+fk19j73Uz3sBXolVtmcXjaorivqsbbbjDY+Jkt4/bQA==",
      "license": "MIT-0",
      "engines": {
        "node": ">=6.0.0"
      }
    },
    "node_modules/otpauth": {
      "version": "9.3.2",
      "resolved": "https://registry.npmjs.org/otpauth/-/otpauth-9.3.2.tgz",
      "integrity": "sha512-KixtXWN9RGdS8WHPfDo7qsOYiivCbl+VeLBT+7HBTtJebBO6aXr/bpZXr+TwY2COecdY82VeBghm31mLYQVZlQ==",
      "license": "MIT",
      "dependencies": {
        "@noble/hashes": "1.4.0"
      },
      "funding": {
        "url": "https://github.com/hectorm/otpauth?sponsor=1"
      }
    },
    "node_modules/prisma": {
      "version": "5.18.0",
      "hasInstallScript": true,
      "license": "Apache-2.0",
      "dependencies": {
        "@prisma/engines": "5.18.0"
      },
      "bin": {
        "prisma": "build/index.js"
      },
      "engines": {
        "node": ">=16.13"
      }
    },
    "node_modules/undici-types": {
      "version": "5.26.5",
      "dev": true,
      "license": "MIT"
    }
  }
}
